// !$*UTF8*$!
{
	archiveVersion = 1;
	classes = {
	};
	objectVersion = 56;
	objects = {

/* Begin PBXBuildFile section */
		/* App */
		A1000001001 /* ReadlyApp.swift in Sources */ = {isa = PBXBuildFile; fileRef = A1000001000 /* ReadlyApp.swift */; };
		A1000002001 /* AppCoordinator.swift in Sources */ = {isa = PBXBuildFile; fileRef = A1000002000 /* AppCoordinator.swift */; };
		A1000003001 /* SeedData.swift in Sources */ = {isa = PBXBuildFile; fileRef = A1000003000 /* SeedData.swift */; };
		A1000004001 /* PreviewHelper.swift in Sources */ = {isa = PBXBuildFile; fileRef = A1000004000 /* PreviewHelper.swift */; };

		/* Core */
		A1000010001 /* Coordinator.swift in Sources */ = {isa = PBXBuildFile; fileRef = A1000010000 /* Coordinator.swift */; };
		A1000011001 /* ServiceContainer.swift in Sources */ = {isa = PBXBuildFile; fileRef = A1000011000 /* ServiceContainer.swift */; };
		A1000012001 /* View+Extensions.swift in Sources */ = {isa = PBXBuildFile; fileRef = A1000012000 /* View+Extensions.swift */; };

		/* Models */
		A1000020001 /* Highlight.swift in Sources */ = {isa = PBXBuildFile; fileRef = A1000020000 /* Highlight.swift */; };
		A1000021001 /* Book.swift in Sources */ = {isa = PBXBuildFile; fileRef = A1000021000 /* Book.swift */; };
		A1000022001 /* Article.swift in Sources */ = {isa = PBXBuildFile; fileRef = A1000022000 /* Article.swift */; };
		A1000023001 /* ReviewSession.swift in Sources */ = {isa = PBXBuildFile; fileRef = A1000023000 /* ReviewSession.swift */; };

		/* Services */
		A1000030001 /* HighlightService.swift in Sources */ = {isa = PBXBuildFile; fileRef = A1000030000 /* HighlightService.swift */; };
		A1000031001 /* ReviewService.swift in Sources */ = {isa = PBXBuildFile; fileRef = A1000031000 /* ReviewService.swift */; };

		/* Home Feature */
		A1000040001 /* HomeCoordinator.swift in Sources */ = {isa = PBXBuildFile; fileRef = A1000040000 /* HomeCoordinator.swift */; };
		A1000041001 /* HomeViewModel.swift in Sources */ = {isa = PBXBuildFile; fileRef = A1000041000 /* HomeViewModel.swift */; };
		A1000042001 /* HomeView.swift in Sources */ = {isa = PBXBuildFile; fileRef = A1000042000 /* HomeView.swift */; };

		/* Daily Review Feature */
		A1000050001 /* DailyReviewCoordinator.swift in Sources */ = {isa = PBXBuildFile; fileRef = A1000050000 /* DailyReviewCoordinator.swift */; };
		A1000051001 /* DailyReviewViewModel.swift in Sources */ = {isa = PBXBuildFile; fileRef = A1000051000 /* DailyReviewViewModel.swift */; };
		A1000052001 /* DailyReviewView.swift in Sources */ = {isa = PBXBuildFile; fileRef = A1000052000 /* DailyReviewView.swift */; };
		A1000053001 /* ReviewCardView.swift in Sources */ = {isa = PBXBuildFile; fileRef = A1000053000 /* ReviewCardView.swift */; };
		A1000054001 /* ReviewActionsView.swift in Sources */ = {isa = PBXBuildFile; fileRef = A1000054000 /* ReviewActionsView.swift */; };

		/* Tab Stubs */
		A1000060001 /* HighlightsFeedView.swift in Sources */ = {isa = PBXBuildFile; fileRef = A1000060000 /* HighlightsFeedView.swift */; };
		A1000061001 /* BooksView.swift in Sources */ = {isa = PBXBuildFile; fileRef = A1000061000 /* BooksView.swift */; };
		A1000062001 /* ArticlesView.swift in Sources */ = {isa = PBXBuildFile; fileRef = A1000062000 /* ArticlesView.swift */; };
		A1000063001 /* ProfileView.swift in Sources */ = {isa = PBXBuildFile; fileRef = A1000063000 /* ProfileView.swift */; };

		/* Resources */
		A1000070001 /* Assets.xcassets in Resources */ = {isa = PBXBuildFile; fileRef = A1000070000 /* Assets.xcassets */; };
/* End PBXBuildFile section */

/* Begin PBXFileReference section */
		A1000000000 /* Readly.app */ = {isa = PBXFileReference; explicitFileType = wrapper.application; includeInIndex = 0; path = Readly.app; sourceTree = BUILT_PRODUCTS_DIR; };

		/* App */
		A1000001000 /* ReadlyApp.swift */ = {isa = PBXFileReference; lastKnownFileType = sourcecode.swift; path = ReadlyApp.swift; sourceTree = "<group>"; };
		A1000002000 /* AppCoordinator.swift */ = {isa = PBXFileReference; lastKnownFileType = sourcecode.swift; path = AppCoordinator.swift; sourceTree = "<group>"; };
		A1000003000 /* SeedData.swift */ = {isa = PBXFileReference; lastKnownFileType = sourcecode.swift; path = SeedData.swift; sourceTree = "<group>"; };
		A1000004000 /* PreviewHelper.swift */ = {isa = PBXFileReference; lastKnownFileType = sourcecode.swift; path = PreviewHelper.swift; sourceTree = "<group>"; };

		/* Core */
		A1000010000 /* Coordinator.swift */ = {isa = PBXFileReference; lastKnownFileType = sourcecode.swift; path = Coordinator.swift; sourceTree = "<group>"; };
		A1000011000 /* ServiceContainer.swift */ = {isa = PBXFileReference; lastKnownFileType = sourcecode.swift; path = ServiceContainer.swift; sourceTree = "<group>"; };
		A1000012000 /* View+Extensions.swift */ = {isa = PBXFileReference; lastKnownFileType = sourcecode.swift; path = "View+Extensions.swift"; sourceTree = "<group>"; };

		/* Models */
		A1000020000 /* Highlight.swift */ = {isa = PBXFileReference; lastKnownFileType = sourcecode.swift; path = Highlight.swift; sourceTree = "<group>"; };
		A1000021000 /* Book.swift */ = {isa = PBXFileReference; lastKnownFileType = sourcecode.swift; path = Book.swift; sourceTree = "<group>"; };
		A1000022000 /* Article.swift */ = {isa = PBXFileReference; lastKnownFileType = sourcecode.swift; path = Article.swift; sourceTree = "<group>"; };
		A1000023000 /* ReviewSession.swift */ = {isa = PBXFileReference; lastKnownFileType = sourcecode.swift; path = ReviewSession.swift; sourceTree = "<group>"; };

		/* Services */
		A1000030000 /* HighlightService.swift */ = {isa = PBXFileReference; lastKnownFileType = sourcecode.swift; path = HighlightService.swift; sourceTree = "<group>"; };
		A1000031000 /* ReviewService.swift */ = {isa = PBXFileReference; lastKnownFileType = sourcecode.swift; path = ReviewService.swift; sourceTree = "<group>"; };

		/* Home Feature */
		A1000040000 /* HomeCoordinator.swift */ = {isa = PBXFileReference; lastKnownFileType = sourcecode.swift; path = HomeCoordinator.swift; sourceTree = "<group>"; };
		A1000041000 /* HomeViewModel.swift */ = {isa = PBXFileReference; lastKnownFileType = sourcecode.swift; path = HomeViewModel.swift; sourceTree = "<group>"; };
		A1000042000 /* HomeView.swift */ = {isa = PBXFileReference; lastKnownFileType = sourcecode.swift; path = HomeView.swift; sourceTree = "<group>"; };

		/* Daily Review Feature */
		A1000050000 /* DailyReviewCoordinator.swift */ = {isa = PBXFileReference; lastKnownFileType = sourcecode.swift; path = DailyReviewCoordinator.swift; sourceTree = "<group>"; };
		A1000051000 /* DailyReviewViewModel.swift */ = {isa = PBXFileReference; lastKnownFileType = sourcecode.swift; path = DailyReviewViewModel.swift; sourceTree = "<group>"; };
		A1000052000 /* DailyReviewView.swift */ = {isa = PBXFileReference; lastKnownFileType = sourcecode.swift; path = DailyReviewView.swift; sourceTree = "<group>"; };
		A1000053000 /* ReviewCardView.swift */ = {isa = PBXFileReference; lastKnownFileType = sourcecode.swift; path = ReviewCardView.swift; sourceTree = "<group>"; };
		A1000054000 /* ReviewActionsView.swift */ = {isa = PBXFileReference; lastKnownFileType = sourcecode.swift; path = ReviewActionsView.swift; sourceTree = "<group>"; };

		/* Tab Stubs */
		A1000060000 /* HighlightsFeedView.swift */ = {isa = PBXFileReference; lastKnownFileType = sourcecode.swift; path = HighlightsFeedView.swift; sourceTree = "<group>"; };
		A1000061000 /* BooksView.swift */ = {isa = PBXFileReference; lastKnownFileType = sourcecode.swift; path = BooksView.swift; sourceTree = "<group>"; };
		A1000062000 /* ArticlesView.swift */ = {isa = PBXFileReference; lastKnownFileType = sourcecode.swift; path = ArticlesView.swift; sourceTree = "<group>"; };
		A1000063000 /* ProfileView.swift */ = {isa = PBXFileReference; lastKnownFileType = sourcecode.swift; path = ProfileView.swift; sourceTree = "<group>"; };

		/* Resources */
		A1000070000 /* Assets.xcassets */ = {isa = PBXFileReference; lastKnownFileType = folder.assetcatalog; path = Assets.xcassets; sourceTree = "<group>"; };
/* End PBXFileReference section */

/* Begin PBXFrameworksBuildPhase section */
		A1F00001000 /* Frameworks */ = {
			isa = PBXFrameworksBuildPhase;
			buildActionMask = 2147483647;
			files = (
			);
			runOnlyForDeploymentPostprocessing = 0;
		};
/* End PBXFrameworksBuildPhase section */

/* Begin PBXGroup section */
		A1G00000000 = {
			isa = PBXGroup;
			children = (
				A1G00001000 /* Readly */,
				A1G00002000 /* Products */,
			);
			sourceTree = "<group>";
		};
		A1G00001000 /* Readly */ = {
			isa = PBXGroup;
			children = (
				A1G00010000 /* App */,
				A1G00020000 /* Core */,
				A1G00030000 /* Models */,
				A1G00040000 /* Services */,
				A1G00050000 /* Features */,
				A1G00060000 /* Resources */,
			);
			path = Readly;
			sourceTree = "<group>";
		};
		A1G00002000 /* Products */ = {
			isa = PBXGroup;
			children = (
				A1000000000 /* Readly.app */,
			);
			name = Products;
			sourceTree = "<group>";
		};
		A1G00010000 /* App */ = {
			isa = PBXGroup;
			children = (
				A1000001000 /* ReadlyApp.swift */,
				A1000002000 /* AppCoordinator.swift */,
				A1000003000 /* SeedData.swift */,
				A1000004000 /* PreviewHelper.swift */,
			);
			path = App;
			sourceTree = "<group>";
		};
		A1G00020000 /* Core */ = {
			isa = PBXGroup;
			children = (
				A1G00021000 /* Coordinator */,
				A1G00022000 /* DI */,
				A1G00023000 /* Extensions */,
			);
			path = Core;
			sourceTree = "<group>";
		};
		A1G00021000 /* Coordinator */ = {
			isa = PBXGroup;
			children = (
				A1000010000 /* Coordinator.swift */,
			);
			path = Coordinator;
			sourceTree = "<group>";
		};
		A1G00022000 /* DI */ = {
			isa = PBXGroup;
			children = (
				A1000011000 /* ServiceContainer.swift */,
			);
			path = DI;
			sourceTree = "<group>";
		};
		A1G00023000 /* Extensions */ = {
			isa = PBXGroup;
			children = (
				A1000012000 /* View+Extensions.swift */,
			);
			path = Extensions;
			sourceTree = "<group>";
		};
		A1G00030000 /* Models */ = {
			isa = PBXGroup;
			children = (
				A1000020000 /* Highlight.swift */,
				A1000021000 /* Book.swift */,
				A1000022000 /* Article.swift */,
				A1000023000 /* ReviewSession.swift */,
			);
			path = Models;
			sourceTree = "<group>";
		};
		A1G00040000 /* Services */ = {
			isa = PBXGroup;
			children = (
				A1000030000 /* HighlightService.swift */,
				A1000031000 /* ReviewService.swift */,
			);
			path = Services;
			sourceTree = "<group>";
		};
		A1G00050000 /* Features */ = {
			isa = PBXGroup;
			children = (
				A1G00051000 /* Home */,
				A1G00052000 /* DailyReview */,
				A1G00053000 /* HighlightsFeed */,
				A1G00054000 /* Books */,
				A1G00055000 /* Articles */,
				A1G00056000 /* Profile */,
			);
			path = Features;
			sourceTree = "<group>";
		};
		A1G00051000 /* Home */ = {
			isa = PBXGroup;
			children = (
				A1000040000 /* HomeCoordinator.swift */,
				A1000041000 /* HomeViewModel.swift */,
				A1000042000 /* HomeView.swift */,
			);
			path = Home;
			sourceTree = "<group>";
		};
		A1G00052000 /* DailyReview */ = {
			isa = PBXGroup;
			children = (
				A1000050000 /* DailyReviewCoordinator.swift */,
				A1000051000 /* DailyReviewViewModel.swift */,
				A1000052000 /* DailyReviewView.swift */,
				A1G00052100 /* Views */,
			);
			path = DailyReview;
			sourceTree = "<group>";
		};
		A1G00052100 /* Views */ = {
			isa = PBXGroup;
			children = (
				A1000053000 /* ReviewCardView.swift */,
				A1000054000 /* ReviewActionsView.swift */,
			);
			path = Views;
			sourceTree = "<group>";
		};
		A1G00053000 /* HighlightsFeed */ = {
			isa = PBXGroup;
			children = (
				A1000060000 /* HighlightsFeedView.swift */,
			);
			path = HighlightsFeed;
			sourceTree = "<group>";
		};
		A1G00054000 /* Books */ = {
			isa = PBXGroup;
			children = (
				A1000061000 /* BooksView.swift */,
			);
			path = Books;
			sourceTree = "<group>";
		};
		A1G00055000 /* Articles */ = {
			isa = PBXGroup;
			children = (
				A1000062000 /* ArticlesView.swift */,
			);
			path = Articles;
			sourceTree = "<group>";
		};
		A1G00056000 /* Profile */ = {
			isa = PBXGroup;
			children = (
				A1000063000 /* ProfileView.swift */,
			);
			path = Profile;
			sourceTree = "<group>";
		};
		A1G00060000 /* Resources */ = {
			isa = PBXGroup;
			children = (
				A1000070000 /* Assets.xcassets */,
			);
			path = Resources;
			sourceTree = "<group>";
		};
/* End PBXGroup section */

/* Begin PBXNativeTarget section */
		A1N00000000 /* Readly */ = {
			isa = PBXNativeTarget;
			buildConfigurationList = A1C00002000 /* Build configuration list for PBXNativeTarget "Readly" */;
			buildPhases = (
				A1S00001000 /* Sources */,
				A1F00001000 /* Frameworks */,
				A1R00001000 /* Resources */,
			);
			buildRules = (
			);
			dependencies = (
			);
			name = Readly;
			productName = Readly;
			productReference = A1000000000 /* Readly.app */;
			productType = "com.apple.product-type.application";
		};
/* End PBXNativeTarget section */

/* Begin PBXProject section */
		A1P00000000 /* Project object */ = {
			isa = PBXProject;
			attributes = {
				BuildIndependentTargetsInParallel = 1;
				LastSwiftUpdateCheck = 1600;
				LastUpgradeCheck = 1600;
				TargetAttributes = {
					A1N00000000 = {
						CreatedOnToolsVersion = 16.0;
					};
				};
			};
			buildConfigurationList = A1C00001000 /* Build configuration list for PBXProject "Readly" */;
			compatibilityVersion = "Xcode 14.0";
			developmentRegion = en;
			hasScannedForEncodings = 0;
			knownRegions = (
				en,
				Base,
			);
			mainGroup = A1G00000000;
			productRefGroup = A1G00002000 /* Products */;
			projectDirPath = "";
			projectRoot = "";
			targets = (
				A1N00000000 /* Readly */,
			);
		};
/* End PBXProject section */

/* Begin PBXResourcesBuildPhase section */
		A1R00001000 /* Resources */ = {
			isa = PBXResourcesBuildPhase;
			buildActionMask = 2147483647;
			files = (
				A1000070001 /* Assets.xcassets in Resources */,
			);
			runOnlyForDeploymentPostprocessing = 0;
		};
/* End PBXResourcesBuildPhase section */

/* Begin PBXSourcesBuildPhase section */
		A1S00001000 /* Sources */ = {
			isa = PBXSourcesBuildPhase;
			buildActionMask = 2147483647;
			files = (
				A1000001001 /* ReadlyApp.swift in Sources */,
				A1000002001 /* AppCoordinator.swift in Sources */,
				A1000003001 /* SeedData.swift in Sources */,
				A1000004001 /* PreviewHelper.swift in Sources */,
				A1000010001 /* Coordinator.swift in Sources */,
				A1000011001 /* ServiceContainer.swift in Sources */,
				A1000012001 /* View+Extensions.swift in Sources */,
				A1000020001 /* Highlight.swift in Sources */,
				A1000021001 /* Book.swift in Sources */,
				A1000022001 /* Article.swift in Sources */,
				A1000023001 /* ReviewSession.swift in Sources */,
				A1000030001 /* HighlightService.swift in Sources */,
				A1000031001 /* ReviewService.swift in Sources */,
				A1000040001 /* HomeCoordinator.swift in Sources */,
				A1000041001 /* HomeViewModel.swift in Sources */,
				A1000042001 /* HomeView.swift in Sources */,
				A1000050001 /* DailyReviewCoordinator.swift in Sources */,
				A1000051001 /* DailyReviewViewModel.swift in Sources */,
				A1000052001 /* DailyReviewView.swift in Sources */,
				A1000053001 /* ReviewCardView.swift in Sources */,
				A1000054001 /* ReviewActionsView.swift in Sources */,
				A1000060001 /* HighlightsFeedView.swift in Sources */,
				A1000061001 /* BooksView.swift in Sources */,
				A1000062001 /* ArticlesView.swift in Sources */,
				A1000063001 /* ProfileView.swift in Sources */,
			);
			runOnlyForDeploymentPostprocessing = 0;
		};
/* End PBXSourcesBuildPhase section */

/* Begin XCBuildConfiguration section */
		A1B00001000 /* Debug */ = {
			isa = XCBuildConfiguration;
			buildSettings = {
				ALWAYS_SEARCH_USER_PATHS = NO;
				ASSETCATALOG_COMPILER_GENERATE_SWIFT_ASSET_SYMBOL_EXTENSIONS = YES;
				CLANG_ANALYZER_NONNULL = YES;
				CLANG_ANALYZER_NUMBER_OBJECT_CONVERSION = YES_AGGRESSIVE;
				CLANG_CXX_LANGUAGE_STANDARD = "gnu++20";
				CLANG_ENABLE_MODULES = YES;
				CLANG_ENABLE_OBJC_ARC = YES;
				CLANG_ENABLE_OBJC_WEAK = YES;
				CLANG_WARN_BLOCK_CAPTURE_AUTORELEASING = YES;
				CLANG_WARN_BOOL_CONVERSION = YES;
				CLANG_WARN_COMMA = YES;
				CLANG_WARN_CONSTANT_CONVERSION = YES;
				CLANG_WARN_DEPRECATED_OBJC_IMPLEMENTATIONS = YES;
				CLANG_WARN_DIRECT_OBJC_ISA_USAGE = YES_ERROR;
				CLANG_WARN_DOCUMENTATION_COMMENTS = YES;
				CLANG_WARN_EMPTY_BODY = YES;
				CLANG_WARN_ENUM_CONVERSION = YES;
				CLANG_WARN_INFINITE_RECURSION = YES;
				CLANG_WARN_INT_CONVERSION = YES;
				CLANG_WARN_NON_LITERAL_NULL_CONVERSION = YES;
				CLANG_WARN_OBJC_IMPLICIT_RETAIN_SELF = YES;
				CLANG_WARN_OBJC_LITERAL_CONVERSION = YES;
				CLANG_WARN_OBJC_ROOT_CLASS = YES_ERROR;
				CLANG_WARN_QUOTED_INCLUDE_IN_FRAMEWORK_HEADER = YES;
				CLANG_WARN_RANGE_LOOP_ANALYSIS = YES;
				CLANG_WARN_STRICT_PROTOTYPES = YES;
				CLANG_WARN_SUSPICIOUS_MOVE = YES;
				CLANG_WARN_UNGUARDED_AVAILABILITY = YES_AGGRESSIVE;
				CLANG_WARN_UNREACHABLE_CODE = YES;
				CLANG_WARN__DUPLICATE_METHOD_MATCH = YES;
				COPY_PHASE_STRIP = NO;
				DEBUG_INFORMATION_FORMAT = dwarf;
				ENABLE_STRICT_OBJC_MSGSEND = YES;
				ENABLE_TESTABILITY = YES;
				ENABLE_USER_SCRIPT_SANDBOXING = YES;
				GCC_C_LANGUAGE_STANDARD = gnu17;
				GCC_DYNAMIC_NO_PIC = NO;
				GCC_NO_COMMON_BLOCKS = YES;
				GCC_OPTIMIZATION_LEVEL = 0;
				GCC_PREPROCESSOR_DEFINITIONS = (
					"DEBUG=1",
					"$(inherited)",
				);
				GCC_WARN_64_TO_32_BIT_CONVERSION = YES;
				GCC_WARN_ABOUT_RETURN_TYPE = YES_ERROR;
				GCC_WARN_UNDECLARED_SELECTOR = YES;
				GCC_WARN_UNINITIALIZED_AUTOS = YES_AGGRESSIVE;
				GCC_WARN_UNUSED_FUNCTION = YES;
				GCC_WARN_UNUSED_VARIABLE = YES;
				IPHONEOS_DEPLOYMENT_TARGET = 18.0;
				LOCALIZATION_PREFERS_STRING_CATALOGS = YES;
				MTL_ENABLE_DEBUG_INFO = INCLUDE_SOURCE;
				MTL_FAST_MATH = YES;
				ONLY_ACTIVE_ARCH = YES;
				SDKROOT = iphoneos;
				SWIFT_ACTIVE_COMPILATION_CONDITIONS = "DEBUG $(inherited)";
				SWIFT_OPTIMIZATION_LEVEL = "-Onone";
				SWIFT_VERSION = 6.0;
			};
			name = Debug;
		};
		A1B00002000 /* Release */ = {
			isa = XCBuildConfiguration;
			buildSettings = {
				ALWAYS_SEARCH_USER_PATHS = NO;
				ASSETCATALOG_COMPILER_GENERATE_SWIFT_ASSET_SYMBOL_EXTENSIONS = YES;
				CLANG_ANALYZER_NONNULL = YES;
				CLANG_ANALYZER_NUMBER_OBJECT_CONVERSION = YES_AGGRESSIVE;
				CLANG_CXX_LANGUAGE_STANDARD = "gnu++20";
				CLANG_ENABLE_MODULES = YES;
				CLANG_ENABLE_OBJC_ARC = YES;
				CLANG_ENABLE_OBJC_WEAK = YES;
				CLANG_WARN_BLOCK_CAPTURE_AUTORELEASING = YES;
				CLANG_WARN_BOOL_CONVERSION = YES;
				CLANG_WARN_COMMA = YES;
				CLANG_WARN_CONSTANT_CONVERSION = YES;
				CLANG_WARN_DEPRECATED_OBJC_IMPLEMENTATIONS = YES;
				CLANG_WARN_DIRECT_OBJC_ISA_USAGE = YES_ERROR;
				CLANG_WARN_DOCUMENTATION_COMMENTS = YES;
				CLANG_WARN_EMPTY_BODY = YES;
				CLANG_WARN_ENUM_CONVERSION = YES;
				CLANG_WARN_INFINITE_RECURSION = YES;
				CLANG_WARN_INT_CONVERSION = YES;
				CLANG_WARN_NON_LITERAL_NULL_CONVERSION = YES;
				CLANG_WARN_OBJC_IMPLICIT_RETAIN_SELF = YES;
				CLANG_WARN_OBJC_LITERAL_CONVERSION = YES;
				CLANG_WARN_OBJC_ROOT_CLASS = YES_ERROR;
				CLANG_WARN_QUOTED_INCLUDE_IN_FRAMEWORK_HEADER = YES;
				CLANG_WARN_RANGE_LOOP_ANALYSIS = YES;
				CLANG_WARN_STRICT_PROTOTYPES = YES;
				CLANG_WARN_SUSPICIOUS_MOVE = YES;
				CLANG_WARN_UNGUARDED_AVAILABILITY = YES_AGGRESSIVE;
				CLANG_WARN_UNREACHABLE_CODE = YES;
				CLANG_WARN__DUPLICATE_METHOD_MATCH = YES;
				COPY_PHASE_STRIP = NO;
				DEBUG_INFORMATION_FORMAT = "dwarf-with-dsym";
				ENABLE_NS_ASSERTIONS = NO;
				ENABLE_STRICT_OBJC_MSGSEND = YES;
				ENABLE_USER_SCRIPT_SANDBOXING = YES;
				GCC_C_LANGUAGE_STANDARD = gnu17;
				GCC_NO_COMMON_BLOCKS = YES;
				GCC_WARN_64_TO_32_BIT_CONVERSION = YES;
				GCC_WARN_ABOUT_RETURN_TYPE = YES_ERROR;
				GCC_WARN_UNDECLARED_SELECTOR = YES;
				GCC_WARN_UNINITIALIZED_AUTOS = YES_AGGRESSIVE;
				GCC_WARN_UNUSED_FUNCTION = YES;
				GCC_WARN_UNUSED_VARIABLE = YES;
				IPHONEOS_DEPLOYMENT_TARGET = 18.0;
				LOCALIZATION_PREFERS_STRING_CATALOGS = YES;
				MTL_ENABLE_DEBUG_INFO = NO;
				MTL_FAST_MATH = YES;
				SDKROOT = iphoneos;
				SWIFT_COMPILATION_MODE = wholemodule;
				SWIFT_VERSION = 6.0;
				VALIDATE_PRODUCT = YES;
			};
			name = Release;
		};
		A1B00003000 /* Debug */ = {
			isa = XCBuildConfiguration;
			buildSettings = {
				ASSETCATALOG_COMPILER_APPICON_NAME = AppIcon;
				ASSETCATALOG_COMPILER_GLOBAL_ACCENT_COLOR_NAME = AccentColor;
				CODE_SIGN_STYLE = Automatic;
				CURRENT_PROJECT_VERSION = 1;
				DEVELOPMENT_TEAM = "";
				ENABLE_PREVIEWS = YES;
				GENERATE_INFOPLIST_FILE = YES;
				INFOPLIST_KEY_UIApplicationSceneManifest_Generation = YES;
				INFOPLIST_KEY_UIApplicationSupportsIndirectInputEvents = YES;
				INFOPLIST_KEY_UILaunchScreen_Generation = YES;
				INFOPLIST_KEY_UISupportedInterfaceOrientations_iPad = "UIInterfaceOrientationPortrait UIInterfaceOrientationPortraitUpsideDown UIInterfaceOrientationLandscapeLeft UIInterfaceOrientationLandscapeRight";
				INFOPLIST_KEY_UISupportedInterfaceOrientations_iPhone = "UIInterfaceOrientationPortrait UIInterfaceOrientationLandscapeLeft UIInterfaceOrientationLandscapeRight";
				LD_RUNPATH_SEARCH_PATHS = (
					"$(inherited)",
					"@executable_path/Frameworks",
				);
				MARKETING_VERSION = 1.0;
				PRODUCT_BUNDLE_IDENTIFIER = com.readly.app;
				PRODUCT_NAME = "$(TARGET_NAME)";
				SWIFT_EMIT_LOC_STRINGS = YES;
				SWIFT_STRICT_CONCURRENCY = complete;
				SWIFT_VERSION = 6.0;
				TARGETED_DEVICE_FAMILY = "1,2";
			};
			name = Debug;
		};
		A1B00004000 /* Release */ = {
			isa = XCBuildConfiguration;
			buildSettings = {
				ASSETCATALOG_COMPILER_APPICON_NAME = AppIcon;
				ASSETCATALOG_COMPILER_GLOBAL_ACCENT_COLOR_NAME = AccentColor;
				CODE_SIGN_STYLE = Automatic;
				CURRENT_PROJECT_VERSION = 1;
				DEVELOPMENT_TEAM = "";
				ENABLE_PREVIEWS = YES;
				GENERATE_INFOPLIST_FILE = YES;
				INFOPLIST_KEY_UIApplicationSceneManifest_Generation = YES;
				INFOPLIST_KEY_UIApplicationSupportsIndirectInputEvents = YES;
				INFOPLIST_KEY_UILaunchScreen_Generation = YES;
				INFOPLIST_KEY_UISupportedInterfaceOrientations_iPad = "UIInterfaceOrientationPortrait UIInterfaceOrientationPortraitUpsideDown UIInterfaceOrientationLandscapeLeft UIInterfaceOrientationLandscapeRight";
				INFOPLIST_KEY_UISupportedInterfaceOrientations_iPhone = "UIInterfaceOrientationPortrait UIInterfaceOrientationLandscapeLeft UIInterfaceOrientationLandscapeRight";
				LD_RUNPATH_SEARCH_PATHS = (
					"$(inherited)",
					"@executable_path/Frameworks",
				);
				MARKETING_VERSION = 1.0;
				PRODUCT_BUNDLE_IDENTIFIER = com.readly.app;
				PRODUCT_NAME = "$(TARGET_NAME)";
				SWIFT_EMIT_LOC_STRINGS = YES;
				SWIFT_STRICT_CONCURRENCY = complete;
				SWIFT_VERSION = 6.0;
				TARGETED_DEVICE_FAMILY = "1,2";
			};
			name = Release;
		};
/* End XCBuildConfiguration section */

/* Begin XCConfigurationList section */
		A1C00001000 /* Build configuration list for PBXProject "Readly" */ = {
			isa = XCConfigurationList;
			buildConfigurations = (
				A1B00001000 /* Debug */,
				A1B00002000 /* Release */,
			);
			defaultConfigurationIsVisible = 0;
			defaultConfigurationName = Release;
		};
		A1C00002000 /* Build configuration list for PBXNativeTarget "Readly" */ = {
			isa = XCConfigurationList;
			buildConfigurations = (
				A1B00003000 /* Debug */,
				A1B00004000 /* Release */,
			);
			defaultConfigurationIsVisible = 0;
			defaultConfigurationName = Release;
		};
/* End XCConfigurationList section */
	};
	rootObject = A1P00000000 /* Project object */;
}
